// !$*UTF8*$!
{
	archiveVersion = 1;
	classes = {
	};
	objectVersion = 46;
	objects = {

/* Begin PBXBuildFile section */
		0D24F51B1A821F7F005625B5 /* AGTCoreDataTableViewController.m in Sources */ = {isa = PBXBuildFile; fileRef = 0D24F51A1A821F7F005625B5 /* AGTCoreDataTableViewController.m */; };
		0D24F5201A82207C005625B5 /* JSZNotebooksViewController.m in Sources */ = {isa = PBXBuildFile; fileRef = 0D24F51E1A82207C005625B5 /* JSZNotebooksViewController.m */; };
		0D24F52B1A823E64005625B5 /* UIViewController+Navigation.m in Sources */ = {isa = PBXBuildFile; fileRef = 0D24F52A1A823E64005625B5 /* UIViewController+Navigation.m */; };
		0D24F52E1A82434C005625B5 /* JSZNotesViewController.m in Sources */ = {isa = PBXBuildFile; fileRef = 0D24F52D1A82434C005625B5 /* JSZNotesViewController.m */; };
		0D24F5351A8256B1005625B5 /* Carmen de Mairena.jpg in Resources */ = {isa = PBXBuildFile; fileRef = 0D24F5321A8256B1005625B5 /* Carmen de Mairena.jpg */; };
		0D24F5361A8256B1005625B5 /* La Venenooor.jpg in Resources */ = {isa = PBXBuildFile; fileRef = 0D24F5331A8256B1005625B5 /* La Venenooor.jpg */; };
		0D24F5371A8256B1005625B5 /* Rosi de Palma.jpg in Resources */ = {isa = PBXBuildFile; fileRef = 0D24F5341A8256B1005625B5 /* Rosi de Palma.jpg */; };
		0D24F5391A8259AC005625B5 /* Nueva Nota.jpg in Resources */ = {isa = PBXBuildFile; fileRef = 0D24F5381A8259AC005625B5 /* Nueva Nota.jpg */; };
		0D54AD251A7F917000A03D79 /* main.m in Sources */ = {isa = PBXBuildFile; fileRef = 0D54AD241A7F917000A03D79 /* main.m */; };
		0D54AD281A7F917000A03D79 /* AppDelegate.m in Sources */ = {isa = PBXBuildFile; fileRef = 0D54AD271A7F917000A03D79 /* AppDelegate.m */; };
		0D54AD2A1A7F917000A03D79 /* Images.xcassets in Resources */ = {isa = PBXBuildFile; fileRef = 0D54AD291A7F917000A03D79 /* Images.xcassets */; };
		0D54AD2D1A7F917000A03D79 /* LaunchScreen.xib in Resources */ = {isa = PBXBuildFile; fileRef = 0D54AD2B1A7F917000A03D79 /* LaunchScreen.xib */; };
		0D54AD391A7F917000A03D79 /* EverpobreTests.m in Sources */ = {isa = PBXBuildFile; fileRef = 0D54AD381A7F917000A03D79 /* EverpobreTests.m */; };
		0D54AD451A7F958300A03D79 /* Model.xcdatamodeld in Sources */ = {isa = PBXBuildFile; fileRef = 0D54AD431A7F958300A03D79 /* Model.xcdatamodeld */; };
		0D54AD5B1A7FAB3E00A03D79 /* _JSZNote.m in Sources */ = {isa = PBXBuildFile; fileRef = 0D54AD501A7FAB3E00A03D79 /* _JSZNote.m */; };
		0D54AD5C1A7FAB3E00A03D79 /* _JSZNotebook.m in Sources */ = {isa = PBXBuildFile; fileRef = 0D54AD521A7FAB3E00A03D79 /* _JSZNotebook.m */; };
		0D54AD5D1A7FAB3E00A03D79 /* _JSZPhotoContainer.m in Sources */ = {isa = PBXBuildFile; fileRef = 0D54AD541A7FAB3E00A03D79 /* _JSZPhotoContainer.m */; };
		0D54AD5E1A7FAB3E00A03D79 /* JSZNote.m in Sources */ = {isa = PBXBuildFile; fileRef = 0D54AD561A7FAB3E00A03D79 /* JSZNote.m */; };
		0D54AD5F1A7FAB3E00A03D79 /* JSZNotebook.m in Sources */ = {isa = PBXBuildFile; fileRef = 0D54AD581A7FAB3E00A03D79 /* JSZNotebook.m */; };
		0D54AD601A7FAB3E00A03D79 /* JSZPhotoContainer.m in Sources */ = {isa = PBXBuildFile; fileRef = 0D54AD5A1A7FAB3E00A03D79 /* JSZPhotoContainer.m */; };
		0D9CB0771A836E4800F5E553 /* JSZNotebookTableViewCell.m in Sources */ = {isa = PBXBuildFile; fileRef = 0D9CB0751A836E4800F5E553 /* JSZNotebookTableViewCell.m */; };
		0D9CB0781A836E4800F5E553 /* JSZNotebookTableViewCell.xib in Resources */ = {isa = PBXBuildFile; fileRef = 0D9CB0761A836E4800F5E553 /* JSZNotebookTableViewCell.xib */; };
		0D9CB07C1A83781800F5E553 /* JSZPhotoTableViewCell.m in Sources */ = {isa = PBXBuildFile; fileRef = 0D9CB07A1A83781800F5E553 /* JSZPhotoTableViewCell.m */; };
		0D9CB07D1A83781800F5E553 /* JSZPhotoTableViewCell.xib in Resources */ = {isa = PBXBuildFile; fileRef = 0D9CB07B1A83781800F5E553 /* JSZPhotoTableViewCell.xib */; };
		0D9CB0811A83794C00F5E553 /* JSZTextTableViewCell.m in Sources */ = {isa = PBXBuildFile; fileRef = 0D9CB07F1A83794C00F5E553 /* JSZTextTableViewCell.m */; };
		0D9CB0821A83794C00F5E553 /* JSZTextTableViewCell.xib in Resources */ = {isa = PBXBuildFile; fileRef = 0D9CB0801A83794C00F5E553 /* JSZTextTableViewCell.xib */; };
		0D9CB0861A837B0300F5E553 /* JSZDatesTableViewCell.m in Sources */ = {isa = PBXBuildFile; fileRef = 0D9CB0841A837B0300F5E553 /* JSZDatesTableViewCell.m */; };
		0D9CB0871A837B0300F5E553 /* JSZDatesTableViewCell.xib in Resources */ = {isa = PBXBuildFile; fileRef = 0D9CB0851A837B0300F5E553 /* JSZDatesTableViewCell.xib */; };
		0D9CB08B1A837C0100F5E553 /* JSZNameTableViewCell.m in Sources */ = {isa = PBXBuildFile; fileRef = 0D9CB0891A837C0100F5E553 /* JSZNameTableViewCell.m */; };
		0D9CB08C1A837C0100F5E553 /* JSZNameTableViewCell.xib in Resources */ = {isa = PBXBuildFile; fileRef = 0D9CB08A1A837C0100F5E553 /* JSZNameTableViewCell.xib */; };
		0D9CB08F1A837D8E00F5E553 /* JSZNoteViewController.m in Sources */ = {isa = PBXBuildFile; fileRef = 0D9CB08E1A837D8E00F5E553 /* JSZNoteViewController.m */; };
		0D9CB0931A83A70200F5E553 /* JSZPhotoViewController.m in Sources */ = {isa = PBXBuildFile; fileRef = 0D9CB0911A83A70200F5E553 /* JSZPhotoViewController.m */; };
		0D9CB0941A83A70200F5E553 /* JSZPhotoViewController.xib in Resources */ = {isa = PBXBuildFile; fileRef = 0D9CB0921A83A70200F5E553 /* JSZPhotoViewController.xib */; };
		0DA144FE1A80D09B00550A2B /* JSZEverpobreBaseClass.m in Sources */ = {isa = PBXBuildFile; fileRef = 0DA144FD1A80D09B00550A2B /* JSZEverpobreBaseClass.m */; };
		0DA145011A80D6E800550A2B /* AGTCoreDataStack.m in Sources */ = {isa = PBXBuildFile; fileRef = 0DA145001A80D6E800550A2B /* AGTCoreDataStack.m */; };
/* End PBXBuildFile section */

/* Begin PBXContainerItemProxy section */
		0D54AD331A7F917000A03D79 /* PBXContainerItemProxy */ = {
			isa = PBXContainerItemProxy;
			containerPortal = 0D54AD171A7F917000A03D79 /* Project object */;
			proxyType = 1;
			remoteGlobalIDString = 0D54AD1E1A7F917000A03D79;
			remoteInfo = Everpobre;
		};
/* End PBXContainerItemProxy section */

/* Begin PBXFileReference section */
		0D24F5191A821F7F005625B5 /* AGTCoreDataTableViewController.h */ = {isa = PBXFileReference; fileEncoding = 4; lastKnownFileType = sourcecode.c.h; path = AGTCoreDataTableViewController.h; sourceTree = "<group>"; };
		0D24F51A1A821F7F005625B5 /* AGTCoreDataTableViewController.m */ = {isa = PBXFileReference; fileEncoding = 4; lastKnownFileType = sourcecode.c.objc; path = AGTCoreDataTableViewController.m; sourceTree = "<group>"; };
		0D24F51D1A82207C005625B5 /* JSZNotebooksViewController.h */ = {isa = PBXFileReference; fileEncoding = 4; lastKnownFileType = sourcecode.c.h; path = JSZNotebooksViewController.h; sourceTree = "<group>"; };
		0D24F51E1A82207C005625B5 /* JSZNotebooksViewController.m */ = {isa = PBXFileReference; fileEncoding = 4; lastKnownFileType = sourcecode.c.objc; path = JSZNotebooksViewController.m; sourceTree = "<group>"; };
		0D24F5291A823E64005625B5 /* UIViewController+Navigation.h */ = {isa = PBXFileReference; fileEncoding = 4; lastKnownFileType = sourcecode.c.h; path = "UIViewController+Navigation.h"; sourceTree = "<group>"; };
		0D24F52A1A823E64005625B5 /* UIViewController+Navigation.m */ = {isa = PBXFileReference; fileEncoding = 4; lastKnownFileType = sourcecode.c.objc; path = "UIViewController+Navigation.m"; sourceTree = "<group>"; };
		0D24F52C1A82434C005625B5 /* JSZNotesViewController.h */ = {isa = PBXFileReference; fileEncoding = 4; lastKnownFileType = sourcecode.c.h; path = JSZNotesViewController.h; sourceTree = "<group>"; };
		0D24F52D1A82434C005625B5 /* JSZNotesViewController.m */ = {isa = PBXFileReference; fileEncoding = 4; lastKnownFileType = sourcecode.c.objc; path = JSZNotesViewController.m; sourceTree = "<group>"; };
		0D24F5321A8256B1005625B5 /* Carmen de Mairena.jpg */ = {isa = PBXFileReference; lastKnownFileType = image.jpeg; path = "Carmen de Mairena.jpg"; sourceTree = "<group>"; };
		0D24F5331A8256B1005625B5 /* La Venenooor.jpg */ = {isa = PBXFileReference; lastKnownFileType = image.jpeg; path = "La Venenooor.jpg"; sourceTree = "<group>"; };
		0D24F5341A8256B1005625B5 /* Rosi de Palma.jpg */ = {isa = PBXFileReference; lastKnownFileType = image.jpeg; path = "Rosi de Palma.jpg"; sourceTree = "<group>"; };
		0D24F5381A8259AC005625B5 /* Nueva Nota.jpg */ = {isa = PBXFileReference; lastKnownFileType = image.jpeg; path = "Nueva Nota.jpg"; sourceTree = "<group>"; };
		0D54AD1F1A7F917000A03D79 /* Everpobre.app */ = {isa = PBXFileReference; explicitFileType = wrapper.application; includeInIndex = 0; path = Everpobre.app; sourceTree = BUILT_PRODUCTS_DIR; };
		0D54AD231A7F917000A03D79 /* Info.plist */ = {isa = PBXFileReference; lastKnownFileType = text.plist.xml; path = Info.plist; sourceTree = "<group>"; };
		0D54AD241A7F917000A03D79 /* main.m */ = {isa = PBXFileReference; lastKnownFileType = sourcecode.c.objc; path = main.m; sourceTree = "<group>"; };
		0D54AD261A7F917000A03D79 /* AppDelegate.h */ = {isa = PBXFileReference; lastKnownFileType = sourcecode.c.h; path = AppDelegate.h; sourceTree = "<group>"; };
		0D54AD271A7F917000A03D79 /* AppDelegate.m */ = {isa = PBXFileReference; lastKnownFileType = sourcecode.c.objc; path = AppDelegate.m; sourceTree = "<group>"; };
		0D54AD291A7F917000A03D79 /* Images.xcassets */ = {isa = PBXFileReference; lastKnownFileType = folder.assetcatalog; path = Images.xcassets; sourceTree = "<group>"; };
		0D54AD2C1A7F917000A03D79 /* Base */ = {isa = PBXFileReference; lastKnownFileType = file.xib; name = Base; path = Base.lproj/LaunchScreen.xib; sourceTree = "<group>"; };
		0D54AD321A7F917000A03D79 /* EverpobreTests.xctest */ = {isa = PBXFileReference; explicitFileType = wrapper.cfbundle; includeInIndex = 0; path = EverpobreTests.xctest; sourceTree = BUILT_PRODUCTS_DIR; };
		0D54AD371A7F917000A03D79 /* Info.plist */ = {isa = PBXFileReference; lastKnownFileType = text.plist.xml; path = Info.plist; sourceTree = "<group>"; };
		0D54AD381A7F917000A03D79 /* EverpobreTests.m */ = {isa = PBXFileReference; lastKnownFileType = sourcecode.c.objc; path = EverpobreTests.m; sourceTree = "<group>"; };
		0D54AD441A7F958300A03D79 /* Model.xcdatamodel */ = {isa = PBXFileReference; lastKnownFileType = wrapper.xcdatamodel; path = Model.xcdatamodel; sourceTree = "<group>"; };
		0D54AD4F1A7FAB3E00A03D79 /* _JSZNote.h */ = {isa = PBXFileReference; fileEncoding = 4; lastKnownFileType = sourcecode.c.h; path = _JSZNote.h; sourceTree = SOURCE_ROOT; };
		0D54AD501A7FAB3E00A03D79 /* _JSZNote.m */ = {isa = PBXFileReference; fileEncoding = 4; lastKnownFileType = sourcecode.c.objc; path = _JSZNote.m; sourceTree = SOURCE_ROOT; };
		0D54AD511A7FAB3E00A03D79 /* _JSZNotebook.h */ = {isa = PBXFileReference; fileEncoding = 4; lastKnownFileType = sourcecode.c.h; path = _JSZNotebook.h; sourceTree = SOURCE_ROOT; };
		0D54AD521A7FAB3E00A03D79 /* _JSZNotebook.m */ = {isa = PBXFileReference; fileEncoding = 4; lastKnownFileType = sourcecode.c.objc; path = _JSZNotebook.m; sourceTree = SOURCE_ROOT; };
		0D54AD531A7FAB3E00A03D79 /* _JSZPhotoContainer.h */ = {isa = PBXFileReference; fileEncoding = 4; lastKnownFileType = sourcecode.c.h; path = _JSZPhotoContainer.h; sourceTree = SOURCE_ROOT; };
		0D54AD541A7FAB3E00A03D79 /* _JSZPhotoContainer.m */ = {isa = PBXFileReference; fileEncoding = 4; lastKnownFileType = sourcecode.c.objc; path = _JSZPhotoContainer.m; sourceTree = SOURCE_ROOT; };
		0D54AD551A7FAB3E00A03D79 /* JSZNote.h */ = {isa = PBXFileReference; fileEncoding = 4; lastKnownFileType = sourcecode.c.h; path = JSZNote.h; sourceTree = SOURCE_ROOT; };
		0D54AD561A7FAB3E00A03D79 /* JSZNote.m */ = {isa = PBXFileReference; fileEncoding = 4; lastKnownFileType = sourcecode.c.objc; path = JSZNote.m; sourceTree = SOURCE_ROOT; };
		0D54AD571A7FAB3E00A03D79 /* JSZNotebook.h */ = {isa = PBXFileReference; fileEncoding = 4; lastKnownFileType = sourcecode.c.h; path = JSZNotebook.h; sourceTree = SOURCE_ROOT; };
		0D54AD581A7FAB3E00A03D79 /* JSZNotebook.m */ = {isa = PBXFileReference; fileEncoding = 4; lastKnownFileType = sourcecode.c.objc; path = JSZNotebook.m; sourceTree = SOURCE_ROOT; };
		0D54AD591A7FAB3E00A03D79 /* JSZPhotoContainer.h */ = {isa = PBXFileReference; fileEncoding = 4; lastKnownFileType = sourcecode.c.h; path = JSZPhotoContainer.h; sourceTree = SOURCE_ROOT; };
		0D54AD5A1A7FAB3E00A03D79 /* JSZPhotoContainer.m */ = {isa = PBXFileReference; fileEncoding = 4; lastKnownFileType = sourcecode.c.objc; path = JSZPhotoContainer.m; sourceTree = SOURCE_ROOT; };
		0D9CB0741A836E4800F5E553 /* JSZNotebookTableViewCell.h */ = {isa = PBXFileReference; fileEncoding = 4; lastKnownFileType = sourcecode.c.h; path = JSZNotebookTableViewCell.h; sourceTree = "<group>"; };
		0D9CB0751A836E4800F5E553 /* JSZNotebookTableViewCell.m */ = {isa = PBXFileReference; fileEncoding = 4; lastKnownFileType = sourcecode.c.objc; path = JSZNotebookTableViewCell.m; sourceTree = "<group>"; };
		0D9CB0761A836E4800F5E553 /* JSZNotebookTableViewCell.xib */ = {isa = PBXFileReference; fileEncoding = 4; lastKnownFileType = file.xib; path = JSZNotebookTableViewCell.xib; sourceTree = "<group>"; };
		0D9CB0791A83781800F5E553 /* JSZPhotoTableViewCell.h */ = {isa = PBXFileReference; fileEncoding = 4; lastKnownFileType = sourcecode.c.h; path = JSZPhotoTableViewCell.h; sourceTree = "<group>"; };
		0D9CB07A1A83781800F5E553 /* JSZPhotoTableViewCell.m */ = {isa = PBXFileReference; fileEncoding = 4; lastKnownFileType = sourcecode.c.objc; path = JSZPhotoTableViewCell.m; sourceTree = "<group>"; };
		0D9CB07B1A83781800F5E553 /* JSZPhotoTableViewCell.xib */ = {isa = PBXFileReference; fileEncoding = 4; lastKnownFileType = file.xib; path = JSZPhotoTableViewCell.xib; sourceTree = "<group>"; };
		0D9CB07E1A83794C00F5E553 /* JSZTextTableViewCell.h */ = {isa = PBXFileReference; fileEncoding = 4; lastKnownFileType = sourcecode.c.h; path = JSZTextTableViewCell.h; sourceTree = "<group>"; };
		0D9CB07F1A83794C00F5E553 /* JSZTextTableViewCell.m */ = {isa = PBXFileReference; fileEncoding = 4; lastKnownFileType = sourcecode.c.objc; path = JSZTextTableViewCell.m; sourceTree = "<group>"; };
		0D9CB0801A83794C00F5E553 /* JSZTextTableViewCell.xib */ = {isa = PBXFileReference; fileEncoding = 4; lastKnownFileType = file.xib; path = JSZTextTableViewCell.xib; sourceTree = "<group>"; };
		0D9CB0831A837B0300F5E553 /* JSZDatesTableViewCell.h */ = {isa = PBXFileReference; fileEncoding = 4; lastKnownFileType = sourcecode.c.h; path = JSZDatesTableViewCell.h; sourceTree = "<group>"; };
		0D9CB0841A837B0300F5E553 /* JSZDatesTableViewCell.m */ = {isa = PBXFileReference; fileEncoding = 4; lastKnownFileType = sourcecode.c.objc; path = JSZDatesTableViewCell.m; sourceTree = "<group>"; };
		0D9CB0851A837B0300F5E553 /* JSZDatesTableViewCell.xib */ = {isa = PBXFileReference; fileEncoding = 4; lastKnownFileType = file.xib; path = JSZDatesTableViewCell.xib; sourceTree = "<group>"; };
		0D9CB0881A837C0100F5E553 /* JSZNameTableViewCell.h */ = {isa = PBXFileReference; fileEncoding = 4; lastKnownFileType = sourcecode.c.h; path = JSZNameTableViewCell.h; sourceTree = "<group>"; };
		0D9CB0891A837C0100F5E553 /* JSZNameTableViewCell.m */ = {isa = PBXFileReference; fileEncoding = 4; lastKnownFileType = sourcecode.c.objc; path = JSZNameTableViewCell.m; sourceTree = "<group>"; };
		0D9CB08A1A837C0100F5E553 /* JSZNameTableViewCell.xib */ = {isa = PBXFileReference; fileEncoding = 4; lastKnownFileType = file.xib; path = JSZNameTableViewCell.xib; sourceTree = "<group>"; };
		0D9CB08D1A837D8E00F5E553 /* JSZNoteViewController.h */ = {isa = PBXFileReference; fileEncoding = 4; lastKnownFileType = sourcecode.c.h; path = JSZNoteViewController.h; sourceTree = "<group>"; };
		0D9CB08E1A837D8E00F5E553 /* JSZNoteViewController.m */ = {isa = PBXFileReference; fileEncoding = 4; lastKnownFileType = sourcecode.c.objc; path = JSZNoteViewController.m; sourceTree = "<group>"; };
		0D9CB0901A83A70200F5E553 /* JSZPhotoViewController.h */ = {isa = PBXFileReference; fileEncoding = 4; lastKnownFileType = sourcecode.c.h; path = JSZPhotoViewController.h; sourceTree = "<group>"; };
		0D9CB0911A83A70200F5E553 /* JSZPhotoViewController.m */ = {isa = PBXFileReference; fileEncoding = 4; lastKnownFileType = sourcecode.c.objc; path = JSZPhotoViewController.m; sourceTree = "<group>"; };
		0D9CB0921A83A70200F5E553 /* JSZPhotoViewController.xib */ = {isa = PBXFileReference; fileEncoding = 4; lastKnownFileType = file.xib; path = JSZPhotoViewController.xib; sourceTree = "<group>"; };
		0DA144FC1A80D09B00550A2B /* JSZEverpobreBaseClass.h */ = {isa = PBXFileReference; fileEncoding = 4; lastKnownFileType = sourcecode.c.h; path = JSZEverpobreBaseClass.h; sourceTree = SOURCE_ROOT; };
		0DA144FD1A80D09B00550A2B /* JSZEverpobreBaseClass.m */ = {isa = PBXFileReference; fileEncoding = 4; lastKnownFileType = sourcecode.c.objc; path = JSZEverpobreBaseClass.m; sourceTree = SOURCE_ROOT; };
		0DA144FF1A80D6E800550A2B /* AGTCoreDataStack.h */ = {isa = PBXFileReference; fileEncoding = 4; lastKnownFileType = sourcecode.c.h; path = AGTCoreDataStack.h; sourceTree = "<group>"; };
		0DA145001A80D6E800550A2B /* AGTCoreDataStack.m */ = {isa = PBXFileReference; fileEncoding = 4; lastKnownFileType = sourcecode.c.objc; path = AGTCoreDataStack.m; sourceTree = "<group>"; };
/* End PBXFileReference section */

/* Begin PBXFrameworksBuildPhase section */
		0D54AD1C1A7F917000A03D79 /* Frameworks */ = {
			isa = PBXFrameworksBuildPhase;
			buildActionMask = 2147483647;
			files = (
			);
			runOnlyForDeploymentPostprocessing = 0;
		};
		0D54AD2F1A7F917000A03D79 /* Frameworks */ = {
			isa = PBXFrameworksBuildPhase;
			buildActionMask = 2147483647;
			files = (
			);
			runOnlyForDeploymentPostprocessing = 0;
		};
/* End PBXFrameworksBuildPhase section */

/* Begin PBXGroup section */
		0D24F51C1A821F92005625B5 /* Controllers */ = {
			isa = PBXGroup;
			children = (
				0D24F52C1A82434C005625B5 /* JSZNotesViewController.h */,
				0D24F52D1A82434C005625B5 /* JSZNotesViewController.m */,
				0D24F5191A821F7F005625B5 /* AGTCoreDataTableViewController.h */,
				0D24F51A1A821F7F005625B5 /* AGTCoreDataTableViewController.m */,
				0D24F51D1A82207C005625B5 /* JSZNotebooksViewController.h */,
				0D24F51E1A82207C005625B5 /* JSZNotebooksViewController.m */,
				0D9CB08D1A837D8E00F5E553 /* JSZNoteViewController.h */,
				0D9CB08E1A837D8E00F5E553 /* JSZNoteViewController.m */,
				0D9CB0901A83A70200F5E553 /* JSZPhotoViewController.h */,
				0D9CB0911A83A70200F5E553 /* JSZPhotoViewController.m */,
				0D9CB0921A83A70200F5E553 /* JSZPhotoViewController.xib */,
			);
			name = Controllers;
			sourceTree = "<group>";
		};
		0D24F5221A823DBD005625B5 /* Categories */ = {
			isa = PBXGroup;
			children = (
				0D24F5291A823E64005625B5 /* UIViewController+Navigation.h */,
				0D24F52A1A823E64005625B5 /* UIViewController+Navigation.m */,
			);
			name = Categories;
			sourceTree = "<group>";
		};
		0D24F5311A8256A0005625B5 /* Resources */ = {
			isa = PBXGroup;
			children = (
				0D24F5381A8259AC005625B5 /* Nueva Nota.jpg */,
				0D24F5321A8256B1005625B5 /* Carmen de Mairena.jpg */,
				0D24F5331A8256B1005625B5 /* La Venenooor.jpg */,
				0D24F5341A8256B1005625B5 /* Rosi de Palma.jpg */,
			);
			name = Resources;
			sourceTree = "<group>";
		};
		0D54AD161A7F917000A03D79 = {
			isa = PBXGroup;
			children = (
				0D54AD211A7F917000A03D79 /* Everpobre */,
				0D54AD351A7F917000A03D79 /* EverpobreTests */,
				0D54AD201A7F917000A03D79 /* Products */,
			);
			sourceTree = "<group>";
		};
		0D54AD201A7F917000A03D79 /* Products */ = {
			isa = PBXGroup;
			children = (
				0D54AD1F1A7F917000A03D79 /* Everpobre.app */,
				0D54AD321A7F917000A03D79 /* EverpobreTests.xctest */,
			);
			name = Products;
			sourceTree = "<group>";
		};
		0D54AD211A7F917000A03D79 /* Everpobre */ = {
			isa = PBXGroup;
			children = (
				0D9CB0731A836E1500F5E553 /* Views */,
				0D24F5311A8256A0005625B5 /* Resources */,
				0D24F5221A823DBD005625B5 /* Categories */,
				0D24F51C1A821F92005625B5 /* Controllers */,
				0D54AD421A7F950A00A03D79 /* Models */,
				0D54AD261A7F917000A03D79 /* AppDelegate.h */,
				0D54AD271A7F917000A03D79 /* AppDelegate.m */,
				0D54AD291A7F917000A03D79 /* Images.xcassets */,
				0D54AD2B1A7F917000A03D79 /* LaunchScreen.xib */,
				0D54AD221A7F917000A03D79 /* Supporting Files */,
			);
			path = Everpobre;
			sourceTree = "<group>";
		};
		0D54AD221A7F917000A03D79 /* Supporting Files */ = {
			isa = PBXGroup;
			children = (
				0D54AD231A7F917000A03D79 /* Info.plist */,
				0D54AD241A7F917000A03D79 /* main.m */,
			);
			name = "Supporting Files";
			sourceTree = "<group>";
		};
		0D54AD351A7F917000A03D79 /* EverpobreTests */ = {
			isa = PBXGroup;
			children = (
				0D54AD381A7F917000A03D79 /* EverpobreTests.m */,
				0D54AD361A7F917000A03D79 /* Supporting Files */,
			);
			path = EverpobreTests;
			sourceTree = "<group>";
		};
		0D54AD361A7F917000A03D79 /* Supporting Files */ = {
			isa = PBXGroup;
			children = (
				0D54AD371A7F917000A03D79 /* Info.plist */,
			);
			name = "Supporting Files";
			sourceTree = "<group>";
		};
		0D54AD421A7F950A00A03D79 /* Models */ = {
			isa = PBXGroup;
			children = (
				0DA144FF1A80D6E800550A2B /* AGTCoreDataStack.h */,
				0DA145001A80D6E800550A2B /* AGTCoreDataStack.m */,
				0DA144FC1A80D09B00550A2B /* JSZEverpobreBaseClass.h */,
				0DA144FD1A80D09B00550A2B /* JSZEverpobreBaseClass.m */,
				0D54AD611A7FABCC00A03D79 /* Machine */,
				0D54AD551A7FAB3E00A03D79 /* JSZNote.h */,
				0D54AD561A7FAB3E00A03D79 /* JSZNote.m */,
				0D54AD571A7FAB3E00A03D79 /* JSZNotebook.h */,
				0D54AD581A7FAB3E00A03D79 /* JSZNotebook.m */,
				0D54AD591A7FAB3E00A03D79 /* JSZPhotoContainer.h */,
				0D54AD5A1A7FAB3E00A03D79 /* JSZPhotoContainer.m */,
				0D54AD431A7F958300A03D79 /* Model.xcdatamodeld */,
			);
			name = Models;
			sourceTree = "<group>";
		};
		0D54AD611A7FABCC00A03D79 /* Machine */ = {
			isa = PBXGroup;
			children = (
				0D54AD4F1A7FAB3E00A03D79 /* _JSZNote.h */,
				0D54AD501A7FAB3E00A03D79 /* _JSZNote.m */,
				0D54AD511A7FAB3E00A03D79 /* _JSZNotebook.h */,
				0D54AD521A7FAB3E00A03D79 /* _JSZNotebook.m */,
				0D54AD531A7FAB3E00A03D79 /* _JSZPhotoContainer.h */,
				0D54AD541A7FAB3E00A03D79 /* _JSZPhotoContainer.m */,
			);
			name = Machine;
			sourceTree = "<group>";
		};
		0D9CB0731A836E1500F5E553 /* Views */ = {
			isa = PBXGroup;
			children = (
				0D9CB0741A836E4800F5E553 /* JSZNotebookTableViewCell.h */,
				0D9CB0751A836E4800F5E553 /* JSZNotebookTableViewCell.m */,
				0D9CB0761A836E4800F5E553 /* JSZNotebookTableViewCell.xib */,
				0D9CB0791A83781800F5E553 /* JSZPhotoTableViewCell.h */,
				0D9CB07A1A83781800F5E553 /* JSZPhotoTableViewCell.m */,
				0D9CB07B1A83781800F5E553 /* JSZPhotoTableViewCell.xib */,
				0D9CB07E1A83794C00F5E553 /* JSZTextTableViewCell.h */,
				0D9CB07F1A83794C00F5E553 /* JSZTextTableViewCell.m */,
				0D9CB0801A83794C00F5E553 /* JSZTextTableViewCell.xib */,
				0D9CB0831A837B0300F5E553 /* JSZDatesTableViewCell.h */,
				0D9CB0841A837B0300F5E553 /* JSZDatesTableViewCell.m */,
				0D9CB0851A837B0300F5E553 /* JSZDatesTableViewCell.xib */,
				0D9CB0881A837C0100F5E553 /* JSZNameTableViewCell.h */,
				0D9CB0891A837C0100F5E553 /* JSZNameTableViewCell.m */,
				0D9CB08A1A837C0100F5E553 /* JSZNameTableViewCell.xib */,
			);
			name = Views;
			sourceTree = "<group>";
		};
/* End PBXGroup section */

/* Begin PBXNativeTarget section */
		0D54AD1E1A7F917000A03D79 /* Everpobre */ = {
			isa = PBXNativeTarget;
			buildConfigurationList = 0D54AD3C1A7F917000A03D79 /* Build configuration list for PBXNativeTarget "Everpobre" */;
			buildPhases = (
				0D54AD1B1A7F917000A03D79 /* Sources */,
				0D54AD1C1A7F917000A03D79 /* Frameworks */,
				0D54AD1D1A7F917000A03D79 /* Resources */,
			);
			buildRules = (
			);
			dependencies = (
			);
			name = Everpobre;
			productName = Everpobre;
			productReference = 0D54AD1F1A7F917000A03D79 /* Everpobre.app */;
			productType = "com.apple.product-type.application";
		};
		0D54AD311A7F917000A03D79 /* EverpobreTests */ = {
			isa = PBXNativeTarget;
			buildConfigurationList = 0D54AD3F1A7F917000A03D79 /* Build configuration list for PBXNativeTarget "EverpobreTests" */;
			buildPhases = (
				0D54AD2E1A7F917000A03D79 /* Sources */,
				0D54AD2F1A7F917000A03D79 /* Frameworks */,
				0D54AD301A7F917000A03D79 /* Resources */,
			);
			buildRules = (
			);
			dependencies = (
				0D54AD341A7F917000A03D79 /* PBXTargetDependency */,
			);
			name = EverpobreTests;
			productName = EverpobreTests;
			productReference = 0D54AD321A7F917000A03D79 /* EverpobreTests.xctest */;
			productType = "com.apple.product-type.bundle.unit-test";
		};
/* End PBXNativeTarget section */

/* Begin PBXProject section */
		0D54AD171A7F917000A03D79 /* Project object */ = {
			isa = PBXProject;
			attributes = {
				LastUpgradeCheck = 0610;
				ORGANIZATIONNAME = "Juan Antonio de los Santos";
				TargetAttributes = {
					0D54AD1E1A7F917000A03D79 = {
						CreatedOnToolsVersion = 6.1.1;
					};
					0D54AD311A7F917000A03D79 = {
						CreatedOnToolsVersion = 6.1.1;
						TestTargetID = 0D54AD1E1A7F917000A03D79;
					};
				};
			};
			buildConfigurationList = 0D54AD1A1A7F917000A03D79 /* Build configuration list for PBXProject "Everpobre" */;
			compatibilityVersion = "Xcode 3.2";
			developmentRegion = English;
			hasScannedForEncodings = 0;
			knownRegions = (
				en,
				Base,
			);
			mainGroup = 0D54AD161A7F917000A03D79;
			productRefGroup = 0D54AD201A7F917000A03D79 /* Products */;
			projectDirPath = "";
			projectRoot = "";
			targets = (
				0D54AD1E1A7F917000A03D79 /* Everpobre */,
				0D54AD311A7F917000A03D79 /* EverpobreTests */,
			);
		};
/* End PBXProject section */

/* Begin PBXResourcesBuildPhase section */
		0D54AD1D1A7F917000A03D79 /* Resources */ = {
			isa = PBXResourcesBuildPhase;
			buildActionMask = 2147483647;
			files = (
				0D24F5391A8259AC005625B5 /* Nueva Nota.jpg in Resources */,
				0D9CB0781A836E4800F5E553 /* JSZNotebookTableViewCell.xib in Resources */,
				0D24F5351A8256B1005625B5 /* Carmen de Mairena.jpg in Resources */,
				0D9CB08C1A837C0100F5E553 /* JSZNameTableViewCell.xib in Resources */,
				0D9CB0871A837B0300F5E553 /* JSZDatesTableViewCell.xib in Resources */,
				0D54AD2D1A7F917000A03D79 /* LaunchScreen.xib in Resources */,
				0D54AD2A1A7F917000A03D79 /* Images.xcassets in Resources */,
				0D9CB0941A83A70200F5E553 /* JSZPhotoViewController.xib in Resources */,
				0D24F5371A8256B1005625B5 /* Rosi de Palma.jpg in Resources */,
				0D9CB0821A83794C00F5E553 /* JSZTextTableViewCell.xib in Resources */,
				0D9CB07D1A83781800F5E553 /* JSZPhotoTableViewCell.xib in Resources */,
				0D24F5361A8256B1005625B5 /* La Venenooor.jpg in Resources */,
			);
			runOnlyForDeploymentPostprocessing = 0;
		};
		0D54AD301A7F917000A03D79 /* Resources */ = {
			isa = PBXResourcesBuildPhase;
			buildActionMask = 2147483647;
			files = (
			);
			runOnlyForDeploymentPostprocessing = 0;
		};
/* End PBXResourcesBuildPhase section */

/* Begin PBXSourcesBuildPhase section */
		0D54AD1B1A7F917000A03D79 /* Sources */ = {
			isa = PBXSourcesBuildPhase;
			buildActionMask = 2147483647;
			files = (
				0D9CB0771A836E4800F5E553 /* JSZNotebookTableViewCell.m in Sources */,
				0DA145011A80D6E800550A2B /* AGTCoreDataStack.m in Sources */,
				0D54AD5F1A7FAB3E00A03D79 /* JSZNotebook.m in Sources */,
				0D24F51B1A821F7F005625B5 /* AGTCoreDataTableViewController.m in Sources */,
				0D54AD281A7F917000A03D79 /* AppDelegate.m in Sources */,
				0D24F52B1A823E64005625B5 /* UIViewController+Navigation.m in Sources */,
				0DA144FE1A80D09B00550A2B /* JSZEverpobreBaseClass.m in Sources */,
				0D9CB0861A837B0300F5E553 /* JSZDatesTableViewCell.m in Sources */,
				0D9CB08B1A837C0100F5E553 /* JSZNameTableViewCell.m in Sources */,
				0D54AD5B1A7FAB3E00A03D79 /* _JSZNote.m in Sources */,
				0D24F5201A82207C005625B5 /* JSZNotebooksViewController.m in Sources */,
				0D54AD5D1A7FAB3E00A03D79 /* _JSZPhotoContainer.m in Sources */,
				0D54AD601A7FAB3E00A03D79 /* JSZPhotoContainer.m in Sources */,
				0D24F52E1A82434C005625B5 /* JSZNotesViewController.m in Sources */,
				0D54AD251A7F917000A03D79 /* main.m in Sources */,
				0D9CB0931A83A70200F5E553 /* JSZPhotoViewController.m in Sources */,
				0D54AD5C1A7FAB3E00A03D79 /* _JSZNotebook.m in Sources */,
				0D9CB0811A83794C00F5E553 /* JSZTextTableViewCell.m in Sources */,
				0D9CB07C1A83781800F5E553 /* JSZPhotoTableViewCell.m in Sources */,
				0D54AD451A7F958300A03D79 /* Model.xcdatamodeld in Sources */,
				0D54AD5E1A7FAB3E00A03D79 /* JSZNote.m in Sources */,
				0D9CB08F1A837D8E00F5E553 /* JSZNoteViewController.m in Sources */,
			);
			runOnlyForDeploymentPostprocessing = 0;
		};
		0D54AD2E1A7F917000A03D79 /* Sources */ = {
			isa = PBXSourcesBuildPhase;
			buildActionMask = 2147483647;
			files = (
				0D54AD391A7F917000A03D79 /* EverpobreTests.m in Sources */,
			);
			runOnlyForDeploymentPostprocessing = 0;
		};
/* End PBXSourcesBuildPhase section */

/* Begin PBXTargetDependency section */
		0D54AD341A7F917000A03D79 /* PBXTargetDependency */ = {
			isa = PBXTargetDependency;
			target = 0D54AD1E1A7F917000A03D79 /* Everpobre */;
			targetProxy = 0D54AD331A7F917000A03D79 /* PBXContainerItemProxy */;
		};
/* End PBXTargetDependency section */

/* Begin PBXVariantGroup section */
		0D54AD2B1A7F917000A03D79 /* LaunchScreen.xib */ = {
			isa = PBXVariantGroup;
			children = (
				0D54AD2C1A7F917000A03D79 /* Base */,
			);
			name = LaunchScreen.xib;
			sourceTree = "<group>";
		};
/* End PBXVariantGroup section */

/* Begin XCBuildConfiguration section */
		0D54AD3A1A7F917000A03D79 /* Debug */ = {
			isa = XCBuildConfiguration;
			buildSettings = {
				ALWAYS_SEARCH_USER_PATHS = NO;
				CLANG_CXX_LANGUAGE_STANDARD = "gnu++0x";
				CLANG_CXX_LIBRARY = "libc++";
				CLANG_ENABLE_MODULES = YES;
				CLANG_ENABLE_OBJC_ARC = YES;
				CLANG_WARN_BOOL_CONVERSION = YES;
				CLANG_WARN_CONSTANT_CONVERSION = YES;
				CLANG_WARN_DIRECT_OBJC_ISA_USAGE = YES_ERROR;
				CLANG_WARN_EMPTY_BODY = YES;
				CLANG_WARN_ENUM_CONVERSION = YES;
				CLANG_WARN_INT_CONVERSION = YES;
				CLANG_WARN_OBJC_ROOT_CLASS = YES_ERROR;
				CLANG_WARN_UNREACHABLE_CODE = YES;
				CLANG_WARN__DUPLICATE_METHOD_MATCH = YES;
				"CODE_SIGN_IDENTITY[sdk=iphoneos*]" = "iPhone Developer";
				COPY_PHASE_STRIP = NO;
				ENABLE_STRICT_OBJC_MSGSEND = YES;
				GCC_C_LANGUAGE_STANDARD = gnu99;
				GCC_DYNAMIC_NO_PIC = NO;
				GCC_OPTIMIZATION_LEVEL = 0;
				GCC_PREPROCESSOR_DEFINITIONS = (
					"DEBUG=1",
					"$(inherited)",
				);
				GCC_SYMBOLS_PRIVATE_EXTERN = NO;
				GCC_WARN_64_TO_32_BIT_CONVERSION = YES;
				GCC_WARN_ABOUT_RETURN_TYPE = YES_ERROR;
				GCC_WARN_UNDECLARED_SELECTOR = YES;
				GCC_WARN_UNINITIALIZED_AUTOS = YES_AGGRESSIVE;
				GCC_WARN_UNUSED_FUNCTION = YES;
				GCC_WARN_UNUSED_VARIABLE = YES;
				IPHONEOS_DEPLOYMENT_TARGET = 8.1;
				MTL_ENABLE_DEBUG_INFO = YES;
				ONLY_ACTIVE_ARCH = YES;
				SDKROOT = iphoneos;
			};
			name = Debug;
		};
		0D54AD3B1A7F917000A03D79 /* Release */ = {
			isa = XCBuildConfiguration;
			buildSettings = {
				ALWAYS_SEARCH_USER_PATHS = NO;
				CLANG_CXX_LANGUAGE_STANDARD = "gnu++0x";
				CLANG_CXX_LIBRARY = "libc++";
				CLANG_ENABLE_MODULES = YES;
				CLANG_ENABLE_OBJC_ARC = YES;
				CLANG_WARN_BOOL_CONVERSION = YES;
				CLANG_WARN_CONSTANT_CONVERSION = YES;
				CLANG_WARN_DIRECT_OBJC_ISA_USAGE = YES_ERROR;
				CLANG_WARN_EMPTY_BODY = YES;
				CLANG_WARN_ENUM_CONVERSION = YES;
				CLANG_WARN_INT_CONVERSION = YES;
				CLANG_WARN_OBJC_ROOT_CLASS = YES_ERROR;
				CLANG_WARN_UNREACHABLE_CODE = YES;
				CLANG_WARN__DUPLICATE_METHOD_MATCH = YES;
				"CODE_SIGN_IDENTITY[sdk=iphoneos*]" = "iPhone Developer";
				COPY_PHASE_STRIP = YES;
				ENABLE_NS_ASSERTIONS = NO;
				ENABLE_STRICT_OBJC_MSGSEND = YES;
				GCC_C_LANGUAGE_STANDARD = gnu99;
				GCC_WARN_64_TO_32_BIT_CONVERSION = YES;
				GCC_WARN_ABOUT_RETURN_TYPE = YES_ERROR;
				GCC_WARN_UNDECLARED_SELECTOR = YES;
				GCC_WARN_UNINITIALIZED_AUTOS = YES_AGGRESSIVE;
				GCC_WARN_UNUSED_FUNCTION = YES;
				GCC_WARN_UNUSED_VARIABLE = YES;
				IPHONEOS_DEPLOYMENT_TARGET = 8.1;
				MTL_ENABLE_DEBUG_INFO = NO;
				SDKROOT = iphoneos;
				VALIDATE_PRODUCT = YES;
			};
			name = Release;
		};
		0D54AD3D1A7F917000A03D79 /* Debug */ = {
			isa = XCBuildConfiguration;
			buildSettings = {
				ASSETCATALOG_COMPILER_APPICON_NAME = AppIcon;
				INFOPLIST_FILE = Everpobre/Info.plist;
				LD_RUNPATH_SEARCH_PATHS = "$(inherited) @executable_path/Frameworks";
				PRODUCT_NAME = "$(TARGET_NAME)";
			};
			name = Debug;
		};
		0D54AD3E1A7F917000A03D79 /* Release */ = {
			isa = XCBuildConfiguration;
			buildSettings = {
				ASSETCATALOG_COMPILER_APPICON_NAME = AppIcon;
				INFOPLIST_FILE = Everpobre/Info.plist;
				LD_RUNPATH_SEARCH_PATHS = "$(inherited) @executable_path/Frameworks";
				PRODUCT_NAME = "$(TARGET_NAME)";
			};
			name = Release;
		};
		0D54AD401A7F917000A03D79 /* Debug */ = {
			isa = XCBuildConfiguration;
			buildSettings = {
				BUNDLE_LOADER = "$(TEST_HOST)";
				FRAMEWORK_SEARCH_PATHS = (
					"$(SDKROOT)/Developer/Library/Frameworks",
					"$(inherited)",
				);
				GCC_PREPROCESSOR_DEFINITIONS = (
					"DEBUG=1",
					"$(inherited)",
				);
				INFOPLIST_FILE = EverpobreTests/Info.plist;
				LD_RUNPATH_SEARCH_PATHS = "$(inherited) @executable_path/Frameworks @loader_path/Frameworks";
				PRODUCT_NAME = "$(TARGET_NAME)";
				TEST_HOST = "$(BUILT_PRODUCTS_DIR)/Everpobre.app/Everpobre";
			};
			name = Debug;
		};
		0D54AD411A7F917000A03D79 /* Release */ = {
			isa = XCBuildConfiguration;
			buildSettings = {
				BUNDLE_LOADER = "$(TEST_HOST)";
				FRAMEWORK_SEARCH_PATHS = (
					"$(SDKROOT)/Developer/Library/Frameworks",
					"$(inherited)",
				);
				INFOPLIST_FILE = EverpobreTests/Info.plist;
				LD_RUNPATH_SEARCH_PATHS = "$(inherited) @executable_path/Frameworks @loader_path/Frameworks";
				PRODUCT_NAME = "$(TARGET_NAME)";
				TEST_HOST = "$(BUILT_PRODUCTS_DIR)/Everpobre.app/Everpobre";
			};
			name = Release;
		};
/* End XCBuildConfiguration section */

/* Begin XCConfigurationList section */
		0D54AD1A1A7F917000A03D79 /* Build configuration list for PBXProject "Everpobre" */ = {
			isa = XCConfigurationList;
			buildConfigurations = (
				0D54AD3A1A7F917000A03D79 /* Debug */,
				0D54AD3B1A7F917000A03D79 /* Release */,
			);
			defaultConfigurationIsVisible = 0;
			defaultConfigurationName = Release;
		};
		0D54AD3C1A7F917000A03D79 /* Build configuration list for PBXNativeTarget "Everpobre" */ = {
			isa = XCConfigurationList;
			buildConfigurations = (
				0D54AD3D1A7F917000A03D79 /* Debug */,
				0D54AD3E1A7F917000A03D79 /* Release */,
			);
			defaultConfigurationIsVisible = 0;
			defaultConfigurationName = Release;
		};
		0D54AD3F1A7F917000A03D79 /* Build configuration list for PBXNativeTarget "EverpobreTests" */ = {
			isa = XCConfigurationList;
			buildConfigurations = (
				0D54AD401A7F917000A03D79 /* Debug */,
				0D54AD411A7F917000A03D79 /* Release */,
			);
			defaultConfigurationIsVisible = 0;
			defaultConfigurationName = Release;
		};
/* End XCConfigurationList section */

/* Begin XCVersionGroup section */
		0D54AD431A7F958300A03D79 /* Model.xcdatamodeld */ = {
			isa = XCVersionGroup;
			children = (
				0D54AD441A7F958300A03D79 /* Model.xcdatamodel */,
			);
			currentVersion = 0D54AD441A7F958300A03D79 /* Model.xcdatamodel */;
			path = Model.xcdatamodeld;
			sourceTree = "<group>";
			versionGroupType = wrapper.xcdatamodel;
		};
/* End XCVersionGroup section */
	};
	rootObject = 0D54AD171A7F917000A03D79 /* Project object */;
}
